{
  "name": "vue-grid-swiper",
  "version": "0.1.1",
  "lockfileVersion": 1,
  "requires": true,
  "dependencies": {
    "vue": {
      "version": "2.6.11",
      "resolved": "https://registry.npmjs.org/vue/-/vue-2.6.11.tgz",
      "integrity": "sha512-VfPwgcGABbGAue9+sfrD4PuwFar7gPb1yl1UK1MwXoQPAw0BKSqWfoYCT/ThFrdEVWoI51dBuyCoiNU9bZDZxQ=="
    },
    "vue2-touch-events": {
      "version": "2.2.1",
      "resolved": "https://registry.npmjs.org/vue2-touch-events/-/vue2-touch-events-2.2.1.tgz",
      "integrity": "sha512-tdAWuPhFWm2C4nuTRYDb1LtP2288LVDUXgGDAtQgYcMgF9K/Igns0r61NYgPHrRxN548U4wUdYgIDy4+XCxu2w=="
    }
  }
}
